
Microsoft Visual Studio Solution File, Format Version 12.00
# Visual Studio Version 16
VisualStudioVersion = 16.0.31729.503
MinimumVisualStudioVersion = 10.0.40219.1
Project("{9A19103F-16F7-4668-BE54-9A1E7A4F7556}") = "DataCapturingService.Task1", "DataCapturingService.Task1\DataCapturingService.Task1.csproj", "{CF9E79EE-D570-4BF3-9E25-E5D687364D91}"
EndProject
Project("{9A19103F-16F7-4668-BE54-9A1E7A4F7556}") = "MainProcessingService.Task1", "MainProcessingService.Task1\MainProcessingService.Task1.csproj", "{F573DB83-86C5-428C-B16F-AB7E090CE66F}"
EndProject
Project("{FAE04EC0-301F-11D3-BF4B-00C04F79EFBC}") = "CentralizedControlService.Task1", "CentralizedControlService.Task1\CentralizedControlService.Task1.csproj", "{465FB1C6-F4EA-4382-A558-5908116C85F1}"
EndProject
Global
	GlobalSection(SolutionConfigurationPlatforms) = preSolution
		Debug|Any CPU = Debug|Any CPU
		Release|Any CPU = Release|Any CPU
	EndGlobalSection
	GlobalSection(ProjectConfigurationPlatforms) = postSolution
		{CF9E79EE-D570-4BF3-9E25-E5D687364D91}.Debug|Any CPU.ActiveCfg = Debug|Any CPU
		{CF9E79EE-D570-4BF3-9E25-E5D687364D91}.Debug|Any CPU.Build.0 = Debug|Any CPU
		{CF9E79EE-D570-4BF3-9E25-E5D687364D91}.Release|Any CPU.ActiveCfg = Release|Any CPU
		{CF9E79EE-D570-4BF3-9E25-E5D687364D91}.Release|Any CPU.Build.0 = Release|Any CPU
		{F573DB83-86C5-428C-B16F-AB7E090CE66F}.Debug|Any CPU.ActiveCfg = Debug|Any CPU
		{F573DB83-86C5-428C-B16F-AB7E090CE66F}.Debug|Any CPU.Build.0 = Debug|Any CPU
		{F573DB83-86C5-428C-B16F-AB7E090CE66F}.Release|Any CPU.ActiveCfg = Release|Any CPU
		{F573DB83-86C5-428C-B16F-AB7E090CE66F}.Release|Any CPU.Build.0 = Release|Any CPU
		{465FB1C6-F4EA-4382-A558-5908116C85F1}.Debug|Any CPU.ActiveCfg = Debug|Any CPU
		{465FB1C6-F4EA-4382-A558-5908116C85F1}.Debug|Any CPU.Build.0 = Debug|Any CPU
		{465FB1C6-F4EA-4382-A558-5908116C85F1}.Release|Any CPU.ActiveCfg = Release|Any CPU
		{465FB1C6-F4EA-4382-A558-5908116C85F1}.Release|Any CPU.Build.0 = Release|Any CPU
	EndGlobalSection
	GlobalSection(SolutionProperties) = preSolution
		HideSolutionNode = FALSE
	EndGlobalSection
	GlobalSection(ExtensibilityGlobals) = postSolution
		SolutionGuid = {E4B7E867-8FCE-49D7-B7A1-3CCF94DA296D}
	EndGlobalSection
EndGlobal
